
Microsoft Visual Studio Solution File, Format Version 12.00
# Visual Studio Version 16
VisualStudioVersion = 16.0.31129.286
MinimumVisualStudioVersion = 10.0.40219.1
Project("{FAE04EC0-301F-11D3-BF4B-00C04F79EFBC}") = "BeMusic", "BeMusic.csproj", "{E62EF3A7-7E6F-4665-880C-A69FCF36A67D}"
EndProject
Global
	GlobalSection(SolutionConfigurationPlatforms) = preSolution
		Debug|Any CPU = Debug|Any CPU
		Release|Any CPU = Release|Any CPU
	EndGlobalSection
	GlobalSection(ProjectConfigurationPlatforms) = postSolution
		{E62EF3A7-7E6F-4665-880C-A69FCF36A67D}.Debug|Any CPU.ActiveCfg = Debug|Any CPU
		{E62EF3A7-7E6F-4665-880C-A69FCF36A67D}.Debug|Any CPU.Build.0 = Debug|Any CPU
		{E62EF3A7-7E6F-4665-880C-A69FCF36A67D}.Release|Any CPU.ActiveCfg = Release|Any CPU
		{E62EF3A7-7E6F-4665-880C-A69FCF36A67D}.Release|Any CPU.Build.0 = Release|Any CPU
	EndGlobalSection
	GlobalSection(SolutionProperties) = preSolution
		HideSolutionNode = FALSE
	EndGlobalSection
	GlobalSection(ExtensibilityGlobals) = postSolution
		SolutionGuid = {53E5F195-58B2-4C98-9CCC-404633A01617}
	EndGlobalSection
EndGlobal
